
Microsoft Visual Studio Solution File, Format Version 12.00
# Visual Studio Version 17
VisualStudioVersion = 17.13.35931.197 d17.13
MinimumVisualStudioVersion = 10.0.40219.1
Project("{FAE04EC0-301F-11D3-BF4B-00C04F79EFBC}") = "Projeto Cinemark", "Projeto Cinemark\Projeto Cinemark.csproj", "{FDB31BA6-99F6-4376-96A8-86A776500300}"
EndProject
Global
	GlobalSection(SolutionConfigurationPlatforms) = preSolution
		Debug|Any CPU = Debug|Any CPU
		Release|Any CPU = Release|Any CPU
	EndGlobalSection
	GlobalSection(ProjectConfigurationPlatforms) = postSolution
		{FDB31BA6-99F6-4376-96A8-86A776500300}.Debug|Any CPU.ActiveCfg = Debug|Any CPU
		{FDB31BA6-99F6-4376-96A8-86A776500300}.Debug|Any CPU.Build.0 = Debug|Any CPU
		{FDB31BA6-99F6-4376-96A8-86A776500300}.Release|Any CPU.ActiveCfg = Release|Any CPU
		{FDB31BA6-99F6-4376-96A8-86A776500300}.Release|Any CPU.Build.0 = Release|Any CPU
	EndGlobalSection
	GlobalSection(SolutionProperties) = preSolution
		HideSolutionNode = FALSE
	EndGlobalSection
	GlobalSection(ExtensibilityGlobals) = postSolution
		SolutionGuid = {FD80C9AE-A265-4CFB-A229-21199295226C}
	EndGlobalSection
EndGlobal
